
Microsoft Visual Studio Solution File, Format Version 12.00
# Visual Studio Version 17
VisualStudioVersion = 17.0.31903.59
MinimumVisualStudioVersion = 10.0.40219.1
Project("{2150E333-8FDC-42A3-9474-1A3956D46DE8}") = "src", "src", "{827E0CD3-B72D-47B6-A68D-7590B98EB39B}"
EndProject
Project("{FAE04EC0-301F-11D3-BF4B-00C04F79EFBC}") = "Serilog.Sinks.Zulip", "src\Serilog.Sinks.Zulip\Serilog.Sinks.Zulip.csproj", "{7AA0A52C-989D-4C2E-94BC-B937F83C4B1C}"
EndProject
Project("{2150E333-8FDC-42A3-9474-1A3956D46DE8}") = "samples", "samples", "{81F46A8F-29A7-4546-9AD9-1FAFACAD419C}"
EndProject
Project("{2150E333-8FDC-42A3-9474-1A3956D46DE8}") = "AspNet", "AspNet", "{4EDDD89C-4A73-4878-B56F-DFE297A659DD}"
EndProject
Project("{FAE04EC0-301F-11D3-BF4B-00C04F79EFBC}") = "Sample.AspNet", "samples\AspNet\Sample.AspNet\Sample.AspNet.csproj", "{7630C73E-13F3-4DC4-A40E-40F740448A6A}"
EndProject
Project("{2150E333-8FDC-42A3-9474-1A3956D46DE8}") = "tests", "tests", "{5BBAE6C9-F184-4875-90C0-CD77321B5E9E}"
EndProject
Project("{FAE04EC0-301F-11D3-BF4B-00C04F79EFBC}") = "Serilog.Sinks.Zulip.UnitTest", "tests\Serilog.Sinks.Zulip.UnitTest\Serilog.Sinks.Zulip.UnitTest.csproj", "{49FEA11C-1759-4E04-B477-398F6B9C94A6}"
EndProject
Global
	GlobalSection(SolutionConfigurationPlatforms) = preSolution
		Debug|Any CPU = Debug|Any CPU
		Debug|x64 = Debug|x64
		Debug|x86 = Debug|x86
		Release|Any CPU = Release|Any CPU
		Release|x64 = Release|x64
		Release|x86 = Release|x86
	EndGlobalSection
	GlobalSection(ProjectConfigurationPlatforms) = postSolution
		{7AA0A52C-989D-4C2E-94BC-B937F83C4B1C}.Debug|Any CPU.ActiveCfg = Debug|Any CPU
		{7AA0A52C-989D-4C2E-94BC-B937F83C4B1C}.Debug|Any CPU.Build.0 = Debug|Any CPU
		{7AA0A52C-989D-4C2E-94BC-B937F83C4B1C}.Debug|x64.ActiveCfg = Debug|Any CPU
		{7AA0A52C-989D-4C2E-94BC-B937F83C4B1C}.Debug|x64.Build.0 = Debug|Any CPU
		{7AA0A52C-989D-4C2E-94BC-B937F83C4B1C}.Debug|x86.ActiveCfg = Debug|Any CPU
		{7AA0A52C-989D-4C2E-94BC-B937F83C4B1C}.Debug|x86.Build.0 = Debug|Any CPU
		{7AA0A52C-989D-4C2E-94BC-B937F83C4B1C}.Release|Any CPU.ActiveCfg = Release|Any CPU
		{7AA0A52C-989D-4C2E-94BC-B937F83C4B1C}.Release|Any CPU.Build.0 = Release|Any CPU
		{7AA0A52C-989D-4C2E-94BC-B937F83C4B1C}.Release|x64.ActiveCfg = Release|Any CPU
		{7AA0A52C-989D-4C2E-94BC-B937F83C4B1C}.Release|x64.Build.0 = Release|Any CPU
		{7AA0A52C-989D-4C2E-94BC-B937F83C4B1C}.Release|x86.ActiveCfg = Release|Any CPU
		{7AA0A52C-989D-4C2E-94BC-B937F83C4B1C}.Release|x86.Build.0 = Release|Any CPU
		{7630C73E-13F3-4DC4-A40E-40F740448A6A}.Debug|Any CPU.ActiveCfg = Debug|Any CPU
		{7630C73E-13F3-4DC4-A40E-40F740448A6A}.Debug|Any CPU.Build.0 = Debug|Any CPU
		{7630C73E-13F3-4DC4-A40E-40F740448A6A}.Debug|x64.ActiveCfg = Debug|Any CPU
		{7630C73E-13F3-4DC4-A40E-40F740448A6A}.Debug|x64.Build.0 = Debug|Any CPU
		{7630C73E-13F3-4DC4-A40E-40F740448A6A}.Debug|x86.ActiveCfg = Debug|Any CPU
		{7630C73E-13F3-4DC4-A40E-40F740448A6A}.Debug|x86.Build.0 = Debug|Any CPU
		{7630C73E-13F3-4DC4-A40E-40F740448A6A}.Release|Any CPU.ActiveCfg = Release|Any CPU
		{7630C73E-13F3-4DC4-A40E-40F740448A6A}.Release|Any CPU.Build.0 = Release|Any CPU
		{7630C73E-13F3-4DC4-A40E-40F740448A6A}.Release|x64.ActiveCfg = Release|Any CPU
		{7630C73E-13F3-4DC4-A40E-40F740448A6A}.Release|x64.Build.0 = Release|Any CPU
		{7630C73E-13F3-4DC4-A40E-40F740448A6A}.Release|x86.ActiveCfg = Release|Any CPU
		{7630C73E-13F3-4DC4-A40E-40F740448A6A}.Release|x86.Build.0 = Release|Any CPU
		{49FEA11C-1759-4E04-B477-398F6B9C94A6}.Debug|Any CPU.ActiveCfg = Debug|Any CPU
		{49FEA11C-1759-4E04-B477-398F6B9C94A6}.Debug|Any CPU.Build.0 = Debug|Any CPU
		{49FEA11C-1759-4E04-B477-398F6B9C94A6}.Debug|x64.ActiveCfg = Debug|Any CPU
		{49FEA11C-1759-4E04-B477-398F6B9C94A6}.Debug|x64.Build.0 = Debug|Any CPU
		{49FEA11C-1759-4E04-B477-398F6B9C94A6}.Debug|x86.ActiveCfg = Debug|Any CPU
		{49FEA11C-1759-4E04-B477-398F6B9C94A6}.Debug|x86.Build.0 = Debug|Any CPU
		{49FEA11C-1759-4E04-B477-398F6B9C94A6}.Release|Any CPU.ActiveCfg = Release|Any CPU
		{49FEA11C-1759-4E04-B477-398F6B9C94A6}.Release|Any CPU.Build.0 = Release|Any CPU
		{49FEA11C-1759-4E04-B477-398F6B9C94A6}.Release|x64.ActiveCfg = Release|Any CPU
		{49FEA11C-1759-4E04-B477-398F6B9C94A6}.Release|x64.Build.0 = Release|Any CPU
		{49FEA11C-1759-4E04-B477-398F6B9C94A6}.Release|x86.ActiveCfg = Release|Any CPU
		{49FEA11C-1759-4E04-B477-398F6B9C94A6}.Release|x86.Build.0 = Release|Any CPU
	EndGlobalSection
	GlobalSection(SolutionProperties) = preSolution
		HideSolutionNode = FALSE
	EndGlobalSection
	GlobalSection(NestedProjects) = preSolution
		{7AA0A52C-989D-4C2E-94BC-B937F83C4B1C} = {827E0CD3-B72D-47B6-A68D-7590B98EB39B}
		{4EDDD89C-4A73-4878-B56F-DFE297A659DD} = {81F46A8F-29A7-4546-9AD9-1FAFACAD419C}
		{7630C73E-13F3-4DC4-A40E-40F740448A6A} = {4EDDD89C-4A73-4878-B56F-DFE297A659DD}
		{49FEA11C-1759-4E04-B477-398F6B9C94A6} = {5BBAE6C9-F184-4875-90C0-CD77321B5E9E}
	EndGlobalSection
EndGlobal
